{
  "lib/forge-std": {
    "rev": "1de6eecf821de7fe2c908cc48d3ab3dced20717f"
  },
  "lib/openzeppelin-contracts": {
    "rev": "dbb6104ce834628e473d2173bbc9d47f81a9eec3"
  },
  "lib/permit2": {
    "rev": "cc56ad0f3439c502c246fc5cfcc3db92bb8b7219"
  },
  "lib/solmate": {
    "rev": "4b47a19038b798b4a33d9749d25e570443520647"
  },
  "lib/v4-core": {
    "rev": "59d3ecf53afa9264a16bba0e38f4c5d2231f80bc"
  }
}